
Microsoft Visual Studio Solution File, Format Version 12.00
# Visual Studio 14
VisualStudioVersion = 14.0.25420.1
MinimumVisualStudioVersion = 10.0.40219.1
Project("{2150E333-8FDC-42A3-9474-1A3956D46DE8}") = "src", "src", "{05AC1FF0-3703-47DE-A883-510718012B3C}"
EndProject
Project("{2150E333-8FDC-42A3-9474-1A3956D46DE8}") = "Solution Items", "Solution Items", "{20CFF2E3-52A1-4D9A-A832-E3FE3A73F354}"
	ProjectSection(SolutionItems) = preProject
		..\.gitattributes = ..\.gitattributes
		..\.gitignore = ..\.gitignore
		global.json = global.json
	EndProjectSection
EndProject
Project("{8BB2217D-0F2D-49D1-97BC-3654ED321F3B}") = "CloudStorage", "src\CloudStorage\CloudStorage.xproj", "{4850447E-6902-4D4F-95C0-6E10FD2D9C7F}"
EndProject
Project("{8BB2217D-0F2D-49D1-97BC-3654ED321F3B}") = "Core", "src\Core\Core.xproj", "{15323FAA-261C-4D06-A793-68E5EEB1E61B}"
EndProject
Project("{8BB2217D-0F2D-49D1-97BC-3654ED321F3B}") = "Data", "src\Data\Data.xproj", "{D3511C6C-C70D-4581-8F6E-8EA4DAC33C0E}"
EndProject
Project("{2150E333-8FDC-42A3-9474-1A3956D46DE8}") = "docs", "docs", "{D32ABD18-AAD9-40A1-9926-F5D9C4585080}"
	ProjectSection(SolutionItems) = preProject
		..\docs\ASP.NET-Core-Fundamentals-quiz-questions.md = ..\docs\ASP.NET-Core-Fundamentals-quiz-questions.md
		..\LICENSE = ..\LICENSE
		..\README.md = ..\README.md
	EndProjectSection
EndProject
Global
	GlobalSection(SolutionConfigurationPlatforms) = preSolution
		Debug|Any CPU = Debug|Any CPU
		Release|Any CPU = Release|Any CPU
	EndGlobalSection
	GlobalSection(ProjectConfigurationPlatforms) = postSolution
		{4850447E-6902-4D4F-95C0-6E10FD2D9C7F}.Debug|Any CPU.ActiveCfg = Debug|Any CPU
		{4850447E-6902-4D4F-95C0-6E10FD2D9C7F}.Debug|Any CPU.Build.0 = Debug|Any CPU
		{4850447E-6902-4D4F-95C0-6E10FD2D9C7F}.Release|Any CPU.ActiveCfg = Release|Any CPU
		{4850447E-6902-4D4F-95C0-6E10FD2D9C7F}.Release|Any CPU.Build.0 = Release|Any CPU
		{15323FAA-261C-4D06-A793-68E5EEB1E61B}.Debug|Any CPU.ActiveCfg = Debug|Any CPU
		{15323FAA-261C-4D06-A793-68E5EEB1E61B}.Debug|Any CPU.Build.0 = Debug|Any CPU
		{15323FAA-261C-4D06-A793-68E5EEB1E61B}.Release|Any CPU.ActiveCfg = Release|Any CPU
		{15323FAA-261C-4D06-A793-68E5EEB1E61B}.Release|Any CPU.Build.0 = Release|Any CPU
		{D3511C6C-C70D-4581-8F6E-8EA4DAC33C0E}.Debug|Any CPU.ActiveCfg = Debug|Any CPU
		{D3511C6C-C70D-4581-8F6E-8EA4DAC33C0E}.Debug|Any CPU.Build.0 = Debug|Any CPU
		{D3511C6C-C70D-4581-8F6E-8EA4DAC33C0E}.Release|Any CPU.ActiveCfg = Release|Any CPU
		{D3511C6C-C70D-4581-8F6E-8EA4DAC33C0E}.Release|Any CPU.Build.0 = Release|Any CPU
	EndGlobalSection
	GlobalSection(SolutionProperties) = preSolution
		HideSolutionNode = FALSE
	EndGlobalSection
	GlobalSection(NestedProjects) = preSolution
		{4850447E-6902-4D4F-95C0-6E10FD2D9C7F} = {05AC1FF0-3703-47DE-A883-510718012B3C}
		{15323FAA-261C-4D06-A793-68E5EEB1E61B} = {05AC1FF0-3703-47DE-A883-510718012B3C}
		{D3511C6C-C70D-4581-8F6E-8EA4DAC33C0E} = {05AC1FF0-3703-47DE-A883-510718012B3C}
	EndGlobalSection
EndGlobal
